
Microsoft Visual Studio Solution File, Format Version 12.00
# Visual Studio 15
VisualStudioVersion = 15.0.28010.2050
MinimumVisualStudioVersion = 10.0.40219.1
Project("{FAE04EC0-301F-11D3-BF4B-00C04F79EFBC}") = "Exercicio mao na massa", "Exercicio mao na massa\Exercicio mao na massa.csproj", "{0ABD2CDE-978F-481D-951E-C8E2F009AE7E}"
EndProject
Global
	GlobalSection(SolutionConfigurationPlatforms) = preSolution
		Debug|Any CPU = Debug|Any CPU
		Release|Any CPU = Release|Any CPU
	EndGlobalSection
	GlobalSection(ProjectConfigurationPlatforms) = postSolution
		{0ABD2CDE-978F-481D-951E-C8E2F009AE7E}.Debug|Any CPU.ActiveCfg = Debug|Any CPU
		{0ABD2CDE-978F-481D-951E-C8E2F009AE7E}.Debug|Any CPU.Build.0 = Debug|Any CPU
		{0ABD2CDE-978F-481D-951E-C8E2F009AE7E}.Release|Any CPU.ActiveCfg = Release|Any CPU
		{0ABD2CDE-978F-481D-951E-C8E2F009AE7E}.Release|Any CPU.Build.0 = Release|Any CPU
	EndGlobalSection
	GlobalSection(SolutionProperties) = preSolution
		HideSolutionNode = FALSE
	EndGlobalSection
	GlobalSection(ExtensibilityGlobals) = postSolution
		SolutionGuid = {B9597234-A90F-4B9B-B6CB-533F3FC657F6}
	EndGlobalSection
EndGlobal
